
Microsoft Visual Studio Solution File, Format Version 12.00
# Visual Studio Version 17
VisualStudioVersion = 17.1.32228.430
MinimumVisualStudioVersion = 10.0.40219.1
Project("{FAE04EC0-301F-11D3-BF4B-00C04F79EFBC}") = "Folder Crawling", "Folder Crawling\Folder Crawling.csproj", "{B1E5E5E1-BCC3-43F6-A4D2-272179BC38CF}"
EndProject
Global
	GlobalSection(SolutionConfigurationPlatforms) = preSolution
		Debug|Any CPU = Debug|Any CPU
		Release|Any CPU = Release|Any CPU
	EndGlobalSection
	GlobalSection(ProjectConfigurationPlatforms) = postSolution
		{B1E5E5E1-BCC3-43F6-A4D2-272179BC38CF}.Debug|Any CPU.ActiveCfg = Debug|Any CPU
		{B1E5E5E1-BCC3-43F6-A4D2-272179BC38CF}.Debug|Any CPU.Build.0 = Debug|Any CPU
		{B1E5E5E1-BCC3-43F6-A4D2-272179BC38CF}.Release|Any CPU.ActiveCfg = Release|Any CPU
		{B1E5E5E1-BCC3-43F6-A4D2-272179BC38CF}.Release|Any CPU.Build.0 = Release|Any CPU
	EndGlobalSection
	GlobalSection(SolutionProperties) = preSolution
		HideSolutionNode = FALSE
	EndGlobalSection
	GlobalSection(ExtensibilityGlobals) = postSolution
		SolutionGuid = {78912967-7049-458A-8B74-6C926D605BCE}
	EndGlobalSection
EndGlobal
